# THIS IS AN AUTOGENERATED FILE. DO NOT EDIT THIS FILE DIRECTLY.
# yarn lockfile v1


argvee@^0.1.1:
  version "0.1.1"
  resolved "https://registry.yarnpkg.com/argvee/-/argvee-0.1.1.tgz#d90e87a4429d1e8a3a73e638a242fbea5cf60cb3"
  integrity sha1-2Q6HpEKdHoo6c+Y4okL76lz2DLM=

eyehurt@0.0.1:
  version "0.0.1"
  resolved "https://registry.yarnpkg.com/eyehurt/-/eyehurt-0.0.1.tgz#a157b04fa6aca88b1e3171bbb2fba8089c1c63f2"
  integrity sha1-oVewT6asqIseMXG7svuoCJwcY/I=

fload@^0.1.0:
  version "0.1.1"
  resolved "https://registry.yarnpkg.com/fload/-/fload-0.1.1.tgz#b99009b64724689961138a8c0c1c1a5c182ff9df"
  integrity sha1-uZAJtkckaJlhE4qMDBwaXBgv+d8=
  dependencies:
    glob "~3.2.7"

glob@~3.2.7:
  version "3.2.11"
  resolved "https://registry.yarnpkg.com/glob/-/glob-3.2.11.tgz#4a973f635b9190f715d10987d5c00fd2815ebe3d"
  integrity sha1-Spc/Y1uRkPcV0QmH1cAP0oFevj0=
  dependencies:
    inherits "2"
    minimatch "0.3"

inherits@2:
  version "2.0.4"
  resolved "https://registry.yarnpkg.com/inherits/-/inherits-2.0.4.tgz#0fa2c64f932917c3433a0ded55363aae37416b7c"
  integrity sha512-k/vGaX4/Yla3WzyMCvTQOXYeIHvqOKtnqBduzTHpzpQZzAskKMhZ2K+EnBiSM9zGSoIFeMpXKxa4dYeZIQqewQ==

lru-cache@2:
  version "2.7.3"
  resolved "https://registry.yarnpkg.com/lru-cache/-/lru-cache-2.7.3.tgz#6d4524e8b955f95d4f5b58851ce21dd72fb4e952"
  integrity sha1-bUUk6LlV+V1PW1iFHOId1y+06VI=

mini@^1.1.0:
  version "1.1.0"
  resolved "https://registry.yarnpkg.com/mini/-/mini-1.1.0.tgz#6b5aca59d954876639abf34167eb60ebaf37bd56"
  integrity sha1-a1rKWdlUh2Y5q/NBZ+tg6683vVY=
  dependencies:
    argvee "^0.1.1"
    eyehurt "0.0.1"
    fload "^0.1.0"
    tryc "^0.1.0"
    v8-argv "^0.2.0"

minimatch@0.3:
  version "0.3.0"
  resolved "https://registry.yarnpkg.com/minimatch/-/minimatch-0.3.0.tgz#275d8edaac4f1bb3326472089e7949c8394699dd"
  integrity sha1-J12O2qxPG7MyZHIInnlJyDlGmd0=
  dependencies:
    lru-cache "2"
    sigmund "~1.0.0"

sigmund@~1.0.0:
  version "1.0.1"
  resolved "https://registry.yarnpkg.com/sigmund/-/sigmund-1.0.1.tgz#3ff21f198cad2175f9f3b781853fd94d0d19b590"
  integrity sha1-P/IfGYytIXX587eBhT/ZTQ0ZtZA=

tryc@^0.1.0:
  version "0.1.0"
  resolved "https://registry.yarnpkg.com/tryc/-/tryc-0.1.0.tgz#30d8c5c60a3fe5f3b6e7c86c16eac1ebe0f3ff5b"
  integrity sha1-MNjFxgo/5fO258hsFurB6+Dz/1s=

v8-argv@^0.2.0:
  version "0.2.0"
  resolved "https://registry.yarnpkg.com/v8-argv/-/v8-argv-0.2.0.tgz#4cb9ec53ea449402681a9fac6b8d8be8d9f9b35e"
  integrity sha1-TLnsU+pElAJoGp+sa42L6Nn5s14=
